
Microsoft Visual Studio Solution File, Format Version 12.00
# Visual Studio 14
VisualStudioVersion = 14.0.25420.1
MinimumVisualStudioVersion = 10.0.40219.1
Project("{159641D6-6404-4A2A-AE62-294DE0FE8301}") = "SSIDDemo", "SSIDDemo\SSIDDemo.dtproj", "{41D1B8C0-2BDE-4AB2-954E-04C28C2BC008}"
EndProject
Global
	GlobalSection(SolutionConfigurationPlatforms) = preSolution
		Development|Default = Development|Default
	EndGlobalSection
	GlobalSection(ProjectConfigurationPlatforms) = postSolution
		{41D1B8C0-2BDE-4AB2-954E-04C28C2BC008}.Development|Default.ActiveCfg = Development
		{41D1B8C0-2BDE-4AB2-954E-04C28C2BC008}.Development|Default.Build.0 = Development
	EndGlobalSection
	GlobalSection(SolutionProperties) = preSolution
		HideSolutionNode = FALSE
	EndGlobalSection
EndGlobal
